
Microsoft Visual Studio Solution File, Format Version 12.00
# Visual Studio Version 16
VisualStudioVersion = 16.0.34601.136
MinimumVisualStudioVersion = 10.0.40219.1
Project("{FAE04EC0-301F-11D3-BF4B-00C04F79EFBC}") = "MinhHoa01", "MinhHoa01\MinhHoa01.csproj", "{BD40060B-94E9-49E2-9BB7-93FE06611FB2}"
EndProject
Global
	GlobalSection(SolutionConfigurationPlatforms) = preSolution
		Debug|Any CPU = Debug|Any CPU
		Release|Any CPU = Release|Any CPU
	EndGlobalSection
	GlobalSection(ProjectConfigurationPlatforms) = postSolution
		{BD40060B-94E9-49E2-9BB7-93FE06611FB2}.Debug|Any CPU.ActiveCfg = Debug|Any CPU
		{BD40060B-94E9-49E2-9BB7-93FE06611FB2}.Debug|Any CPU.Build.0 = Debug|Any CPU
		{BD40060B-94E9-49E2-9BB7-93FE06611FB2}.Release|Any CPU.ActiveCfg = Release|Any CPU
		{BD40060B-94E9-49E2-9BB7-93FE06611FB2}.Release|Any CPU.Build.0 = Release|Any CPU
	EndGlobalSection
	GlobalSection(SolutionProperties) = preSolution
		HideSolutionNode = FALSE
	EndGlobalSection
	GlobalSection(ExtensibilityGlobals) = postSolution
		SolutionGuid = {4D671640-3B77-45F5-9C68-60DAF90F55F8}
	EndGlobalSection
EndGlobal
